# THIS IS AN AUTOGENERATED FILE. DO NOT EDIT THIS FILE DIRECTLY.
# yarn lockfile v1


dayjs@^1.7.7:
  version "1.7.7"
  resolved "https://registry.yarnpkg.com/dayjs/-/dayjs-1.7.7.tgz#8df20f78ac2476e3f5348ef49f8f22ebc3016370"
  integrity sha512-Qlkiu0NNDpYwhk0syK4ImvAl/5YnsEMkvC2O123INviGeOA3Q8s5VyVkZzmN5SC7Wv9bb1+rfwO+uSqtHB4UWw==

deep-equal@^1.0.1:
  version "1.0.1"
  resolved "https://registry.yarnpkg.com/deep-equal/-/deep-equal-1.0.1.tgz#f5d260292b660e084eff4cdbc9f08ad3247448b5"
  integrity sha1-9dJgKStmDghO/0zbyfCK0yR0SLU=

extend@^3.0.2:
  version "3.0.2"
  resolved "https://registry.yarnpkg.com/extend/-/extend-3.0.2.tgz#f8b1136b4071fbd8eb140aff858b1019ec2915fa"
  integrity sha512-fjquC59cD7CyW6urNXK0FBufkZcoiGG80wTuPujX590cB5Ttln20E2UB4S/WARVqhXffZl2LNgS+gQdPIIim/g==

fast-diff@1.2.0:
  version "1.2.0"
  resolved "https://registry.yarnpkg.com/fast-diff/-/fast-diff-1.2.0.tgz#73ee11982d86caaf7959828d519cfe927fac5f03"
  integrity sha512-xJuoT5+L99XlZ8twedaRf6Ax2TgQVxvgZOYoPKqZufmJib0tL2tegPBOZb1pVNgIhlqDlA0eO0c3wBvQcmzx4w==

quill-delta@^4.1.0:
  version "4.1.0"
  resolved "https://registry.yarnpkg.com/quill-delta/-/quill-delta-4.1.0.tgz#f250bfc86eafb70aa07835c7e03777ef5a75da5d"
  integrity sha512-GQi04cJRnGcUR3fN8ChjfJGdnCF297BVTb4kEgnlewiyu/PRnWZDchmiJoc9Whq+ZwHgbUbcVgrbGU/dQgOVFw==
  dependencies:
    deep-equal "^1.0.1"
    extend "^3.0.2"
    fast-diff "1.2.0"
