# THIS IS AN AUTOGENERATED FILE. DO NOT EDIT THIS FILE DIRECTLY.
# yarn lockfile v1


"@types/linkify-it@*":
  version "2.1.0"
  resolved "https://registry.yarnpkg.com/@types/linkify-it/-/linkify-it-2.1.0.tgz#ea3dd64c4805597311790b61e872cbd1ed2cd806"
  integrity sha512-Q7DYAOi9O/+cLLhdaSvKdaumWyHbm7HAk/bFwwyTuU0arR5yyCeW5GOoqt4tJTpDRxhpx9Q8kQL6vMpuw9hDSw==

"@types/markdown-it@^0.0.7":
  version "0.0.7"
  resolved "https://registry.yarnpkg.com/@types/markdown-it/-/markdown-it-0.0.7.tgz#75070485a3d8ad11e7deb8287f4430be15bf4d39"
  integrity sha512-WyL6pa76ollQFQNEaLVa41ZUUvDvPY+qAUmlsphnrpL6I9p1m868b26FyeoOmo7X3/Ta/S9WKXcEYXUSHnxoVQ==
  dependencies:
    "@types/linkify-it" "*"

"@types/quill@^2.0.1":
  version "2.0.2"
  resolved "https://registry.yarnpkg.com/@types/quill/-/quill-2.0.2.tgz#38c8b03157ec95d83f557890039ecd650548d1a7"
  integrity sha512-Jkv4xYj9Y+1juXTEh2FV5L1XaEHXBaSLZweGBtzqDvTbFNh0kWPxH2JHogGNC3pyOLY02HydZ5A6AA5BS0LCaQ==
  dependencies:
    parchment "^1.1.2"
    quill-delta "^4.0.1"

argparse@^1.0.7:
  version "1.0.10"
  resolved "https://registry.yarnpkg.com/argparse/-/argparse-1.0.10.tgz#bcd6791ea5ae09725e17e5ad988134cd40b3d911"
  integrity sha512-o5Roy6tNG4SL/FOkCAN6RzjiakZS25RLYFrcMttJqbdd8BWrnA+fGz57iN5Pb06pvBGvl5gQ0B48dJlslXvoTg==
  dependencies:
    sprintf-js "~1.0.2"

commander@^2.19.0:
  version "2.20.0"
  resolved "https://registry.yarnpkg.com/commander/-/commander-2.20.0.tgz#d58bb2b5c1ee8f87b0d340027e9e94e222c5a422"
  integrity sha512-7j2y+40w61zy6YC2iRNpUe/NwhNyoXrYpHMrSunaMG64nRnaf96zO/KMQR4OyN/UnE5KLyEBnKHd4aG3rskjpQ==

dayjs@^1.7.7:
  version "1.8.13"
  resolved "https://registry.yarnpkg.com/dayjs/-/dayjs-1.8.13.tgz#51b5cdad23ba508bcea939a853b492fefb7fdc47"
  integrity sha512-JZ01l/PMU8OqwuUs2mOQ/CTekMtoXOUSylfjqjgDzbhRSxpFIrPnHn8Y8a0lfocNgAdBNZb8y0/gbzJ2riQ4WQ==

deep-equal@^1.0.1:
  version "1.0.1"
  resolved "https://registry.yarnpkg.com/deep-equal/-/deep-equal-1.0.1.tgz#f5d260292b660e084eff4cdbc9f08ad3247448b5"
  integrity sha1-9dJgKStmDghO/0zbyfCK0yR0SLU=

entities@~1.1.1:
  version "1.1.2"
  resolved "https://registry.yarnpkg.com/entities/-/entities-1.1.2.tgz#bdfa735299664dfafd34529ed4f8522a275fea56"
  integrity sha512-f2LZMYl1Fzu7YSBKg+RoROelpOaNrcGmE9AZubeDfrCEia483oW4MI4VyFd5VNHIgQ/7qm1I0wUHK1eJnn2y2w==

extend@^3.0.2:
  version "3.0.2"
  resolved "https://registry.yarnpkg.com/extend/-/extend-3.0.2.tgz#f8b1136b4071fbd8eb140aff858b1019ec2915fa"
  integrity sha512-fjquC59cD7CyW6urNXK0FBufkZcoiGG80wTuPujX590cB5Ttln20E2UB4S/WARVqhXffZl2LNgS+gQdPIIim/g==

fast-diff@1.2.0:
  version "1.2.0"
  resolved "https://registry.yarnpkg.com/fast-diff/-/fast-diff-1.2.0.tgz#73ee11982d86caaf7959828d519cfe927fac5f03"
  integrity sha512-xJuoT5+L99XlZ8twedaRf6Ax2TgQVxvgZOYoPKqZufmJib0tL2tegPBOZb1pVNgIhlqDlA0eO0c3wBvQcmzx4w==

katex@0.10.1, katex@^0.10.1, katex@^0.6.0:
  version "0.10.1"
  resolved "https://registry.yarnpkg.com/katex/-/katex-0.10.1.tgz#5bb0b72bf19cecfc1fa217a9261760e5d301efff"
  integrity sha512-iZXZ2L8pEP7HXBLAaeWkdLxnoRQ8Fdks8IuIVt01tYb+D8e0em5JYgfe6J48wXsuEr512IRCN5Kvwb9FjZH6kg==
  dependencies:
    commander "^2.19.0"

linkify-it@^2.0.0:
  version "2.1.0"
  resolved "https://registry.yarnpkg.com/linkify-it/-/linkify-it-2.1.0.tgz#c4caf38a6cd7ac2212ef3c7d2bde30a91561f9db"
  integrity sha512-4REs8/062kV2DSHxNfq5183zrqXMl7WP0WzABH9IeJI+NLm429FgE1PDecltYfnOoFDFlZGh2T8PfZn0r+GTRg==
  dependencies:
    uc.micro "^1.0.1"

markdown-it-katex@latest:
  version "2.0.3"
  resolved "https://registry.yarnpkg.com/markdown-it-katex/-/markdown-it-katex-2.0.3.tgz#d7b86a1aea0b9d6496fab4e7919a18fdef589c39"
  integrity sha1-17hqGuoLnWSW+rTnkZoY/e9YnDk=
  dependencies:
    katex "^0.6.0"

markdown-it@latest:
  version "8.4.2"
  resolved "https://registry.yarnpkg.com/markdown-it/-/markdown-it-8.4.2.tgz#386f98998dc15a37722aa7722084f4020bdd9b54"
  integrity sha512-GcRz3AWTqSUphY3vsUqQSFMbgR38a4Lh3GWlHRh/7MRwz8mcu9n2IO7HOh+bXHrR9kOPDl5RNCaEsrneb+xhHQ==
  dependencies:
    argparse "^1.0.7"
    entities "~1.1.1"
    linkify-it "^2.0.0"
    mdurl "^1.0.1"
    uc.micro "^1.0.5"

mdurl@^1.0.1:
  version "1.0.1"
  resolved "https://registry.yarnpkg.com/mdurl/-/mdurl-1.0.1.tgz#fe85b2ec75a59037f2adfec100fd6c601761152e"
  integrity sha1-/oWy7HWlkDfyrf7BAP1sYBdhFS4=

parchment@^1.1.2, parchment@^1.1.4:
  version "1.1.4"
  resolved "https://registry.yarnpkg.com/parchment/-/parchment-1.1.4.tgz#aeded7ab938fe921d4c34bc339ce1168bc2ffde5"
  integrity sha512-J5FBQt/pM2inLzg4hEWmzQx/8h8D0CiDxaG3vyp9rKrQRSDgBlhjdP5jQGgosEajXPSQouXGHOmVdgo7QmJuOg==

quill-delta@^4.0.1, quill-delta@^4.1.0:
  version "4.2.1"
  resolved "https://registry.yarnpkg.com/quill-delta/-/quill-delta-4.2.1.tgz#ad4f191cdf3be5079c5dc3991b9603a5cc0db69a"
  integrity sha512-Y2nksOj6Q+4hizre8n0dml76vLNGK4/y86EoI1d7rv6EL1bx7DPDYRmqQMPu1UqFQO/uQuVHQ3fOmm4ZSzWrfA==
  dependencies:
    deep-equal "^1.0.1"
    extend "^3.0.2"
    fast-diff "1.2.0"

sprintf-js@~1.0.2:
  version "1.0.3"
  resolved "https://registry.yarnpkg.com/sprintf-js/-/sprintf-js-1.0.3.tgz#04e6926f662895354f3dd015203633b857297e2c"
  integrity sha1-BOaSb2YolTVPPdAVIDYzuFcpfiw=

uc.micro@^1.0.1, uc.micro@^1.0.5:
  version "1.0.6"
  resolved "https://registry.yarnpkg.com/uc.micro/-/uc.micro-1.0.6.tgz#9c411a802a409a91fc6cf74081baba34b24499ac"
  integrity sha512-8Y75pvTYkLJW2hWQHXxoqRgV7qb9B+9vFEtidML+7koHUFapnVJAZ6cKs+Qjz5Aw3aZWHMC6u0wJE3At+nSGwA==
